{
    "name": "@riavzon/bot-detector-create",
    "version": "1.0.0",
    "lockfileVersion": 3,
    "requires": true,
    "packages": {
        "": {
            "name": "@riavzon/bot-detector-create",
            "version": "1.0.0",
            "license": "Apache-2.0",
            "dependencies": {
                "citty": "0.2.1",
                "consola": "3.4.2"
            },
            "bin": {
                "bot-detector": "dist/create.mjs"
            }
        },
        "node_modules/citty": {
            "version": "0.2.1",
            "resolved": "https://registry.npmjs.org/citty/-/citty-0.2.1.tgz",
            "integrity": "sha512-kEV95lFBhQgtogAPlQfJJ0WGVSokvLr/UEoFPiKKOXF7pl98HfUVUD0ejsuTCld/9xH9vogSywZ5KqHzXrZpqg==",
            "license": "MIT"
        },
        "node_modules/consola": {
            "version": "3.4.2",
            "resolved": "https://registry.npmjs.org/consola/-/consola-3.4.2.tgz",
            "integrity": "sha512-5IKcdX0nnYavi6G7TtOhwkYzyjfJlatbjMjuLSfE2kYT5pMDOilZ4OvMhi637CcDICTmz3wARPoyhqyX1Y+XvA==",
            "license": "MIT",
            "engines": {
                "node": "^14.18.0 || >=16.10.0"
            }
        }
    }
}
